
Microsoft Visual Studio Solution File, Format Version 12.00
# Visual Studio Version 17
VisualStudioVersion = 17.6.33723.286
MinimumVisualStudioVersion = 10.0.40219.1
Project("{FAE04EC0-301F-11D3-BF4B-00C04F79EFBC}") = "RMCL.Online", "RMCL.Online\RMCL.Online.csproj", "{B226F1A0-0A6F-451C-B00F-3A524C51562D}"
EndProject
Global
	GlobalSection(SolutionConfigurationPlatforms) = preSolution
		Debug|Any CPU = Debug|Any CPU
		Release|Any CPU = Release|Any CPU
	EndGlobalSection
	GlobalSection(ProjectConfigurationPlatforms) = postSolution
		{B226F1A0-0A6F-451C-B00F-3A524C51562D}.Debug|Any CPU.ActiveCfg = Debug|Any CPU
		{B226F1A0-0A6F-451C-B00F-3A524C51562D}.Debug|Any CPU.Build.0 = Debug|Any CPU
		{B226F1A0-0A6F-451C-B00F-3A524C51562D}.Release|Any CPU.ActiveCfg = Release|Any CPU
		{B226F1A0-0A6F-451C-B00F-3A524C51562D}.Release|Any CPU.Build.0 = Release|Any CPU
	EndGlobalSection
	GlobalSection(SolutionProperties) = preSolution
		HideSolutionNode = FALSE
	EndGlobalSection
	GlobalSection(ExtensibilityGlobals) = postSolution
		SolutionGuid = {CE0B5801-2E5B-42DC-88B0-D537DF21BDB4}
	EndGlobalSection
EndGlobal
